
Microsoft Visual Studio Solution File, Format Version 12.00
# Visual Studio Version 17
VisualStudioVersion = 17.5.33530.505
MinimumVisualStudioVersion = 10.0.40219.1
Project("{FAE04EC0-301F-11D3-BF4B-00C04F79EFBC}") = "ADOdotNet", "ADOdotNet\ADOdotNet.csproj", "{23908C4B-9B69-478F-ABF0-5C65F70F9BCE}"
EndProject
Project("{FAE04EC0-301F-11D3-BF4B-00C04F79EFBC}") = "ADOdotNetDataSets", "ADOdotNetDataSets\ADOdotNetDataSets.csproj", "{63960F75-0541-4AD4-846D-483EBEB5FDE0}"
EndProject
Global
	GlobalSection(SolutionConfigurationPlatforms) = preSolution
		Debug|Any CPU = Debug|Any CPU
		Release|Any CPU = Release|Any CPU
	EndGlobalSection
	GlobalSection(ProjectConfigurationPlatforms) = postSolution
		{23908C4B-9B69-478F-ABF0-5C65F70F9BCE}.Debug|Any CPU.ActiveCfg = Debug|Any CPU
		{23908C4B-9B69-478F-ABF0-5C65F70F9BCE}.Debug|Any CPU.Build.0 = Debug|Any CPU
		{23908C4B-9B69-478F-ABF0-5C65F70F9BCE}.Release|Any CPU.ActiveCfg = Release|Any CPU
		{23908C4B-9B69-478F-ABF0-5C65F70F9BCE}.Release|Any CPU.Build.0 = Release|Any CPU
		{63960F75-0541-4AD4-846D-483EBEB5FDE0}.Debug|Any CPU.ActiveCfg = Debug|Any CPU
		{63960F75-0541-4AD4-846D-483EBEB5FDE0}.Debug|Any CPU.Build.0 = Debug|Any CPU
		{63960F75-0541-4AD4-846D-483EBEB5FDE0}.Release|Any CPU.ActiveCfg = Release|Any CPU
		{63960F75-0541-4AD4-846D-483EBEB5FDE0}.Release|Any CPU.Build.0 = Release|Any CPU
	EndGlobalSection
	GlobalSection(SolutionProperties) = preSolution
		HideSolutionNode = FALSE
	EndGlobalSection
	GlobalSection(ExtensibilityGlobals) = postSolution
		SolutionGuid = {EFD56030-8757-4053-B07A-E9AA08D0C51F}
	EndGlobalSection
EndGlobal
